// !$*UTF8*$!
{
	archiveVersion = 1;
	classes = {
	};
	objectVersion = 46;
	objects = {

/* Begin PBXBuildFile section */
		E48817A61D6D7B300075BA87 /* main.m in Sources */ = {isa = PBXBuildFile; fileRef = E48817A51D6D7B300075BA87 /* main.m */; };
		E48817A91D6D7B300075BA87 /* AppDelegate.m in Sources */ = {isa = PBXBuildFile; fileRef = E48817A81D6D7B300075BA87 /* AppDelegate.m */; };
		E48817AC1D6D7B300075BA87 /* ViewController.m in Sources */ = {isa = PBXBuildFile; fileRef = E48817AB1D6D7B300075BA87 /* ViewController.m */; };
		E48817AF1D6D7B300075BA87 /* Main.storyboard in Resources */ = {isa = PBXBuildFile; fileRef = E48817AD1D6D7B300075BA87 /* Main.storyboard */; };
		E48817B11D6D7B300075BA87 /* Assets.xcassets in Resources */ = {isa = PBXBuildFile; fileRef = E48817B01D6D7B300075BA87 /* Assets.xcassets */; };
		E48817B41D6D7B300075BA87 /* LaunchScreen.storyboard in Resources */ = {isa = PBXBuildFile; fileRef = E48817B21D6D7B300075BA87 /* LaunchScreen.storyboard */; };
		E48817BD1D6D7ED40075BA87 /* CreateContact.m in Sources */ = {isa = PBXBuildFile; fileRef = E48817BC1D6D7ED40075BA87 /* CreateContact.m */; };
		E48817C01D6DB3890075BA87 /* FetchingContacts.m in Sources */ = {isa = PBXBuildFile; fileRef = E48817BF1D6DB3890075BA87 /* FetchingContacts.m */; };
/* End PBXBuildFile section */

/* Begin PBXFileReference section */
		E48817A11D6D7B300075BA87 /* AddressBookExample.app */ = {isa = PBXFileReference; explicitFileType = wrapper.application; includeInIndex = 0; path = AddressBookExample.app; sourceTree = BUILT_PRODUCTS_DIR; };
		E48817A51D6D7B300075BA87 /* main.m */ = {isa = PBXFileReference; lastKnownFileType = sourcecode.c.objc; path = main.m; sourceTree = "<group>"; };
		E48817A71D6D7B300075BA87 /* AppDelegate.h */ = {isa = PBXFileReference; lastKnownFileType = sourcecode.c.h; path = AppDelegate.h; sourceTree = "<group>"; };
		E48817A81D6D7B300075BA87 /* AppDelegate.m */ = {isa = PBXFileReference; lastKnownFileType = sourcecode.c.objc; path = AppDelegate.m; sourceTree = "<group>"; };
		E48817AA1D6D7B300075BA87 /* ViewController.h */ = {isa = PBXFileReference; lastKnownFileType = sourcecode.c.h; path = ViewController.h; sourceTree = "<group>"; };
		E48817AB1D6D7B300075BA87 /* ViewController.m */ = {isa = PBXFileReference; lastKnownFileType = sourcecode.c.objc; path = ViewController.m; sourceTree = "<group>"; };
		E48817AE1D6D7B300075BA87 /* Base */ = {isa = PBXFileReference; lastKnownFileType = file.storyboard; name = Base; path = Base.lproj/Main.storyboard; sourceTree = "<group>"; };
		E48817B01D6D7B300075BA87 /* Assets.xcassets */ = {isa = PBXFileReference; lastKnownFileType = folder.assetcatalog; path = Assets.xcassets; sourceTree = "<group>"; };
		E48817B31D6D7B300075BA87 /* Base */ = {isa = PBXFileReference; lastKnownFileType = file.storyboard; name = Base; path = Base.lproj/LaunchScreen.storyboard; sourceTree = "<group>"; };
		E48817B51D6D7B300075BA87 /* Info.plist */ = {isa = PBXFileReference; lastKnownFileType = text.plist.xml; path = Info.plist; sourceTree = "<group>"; };
		E48817BB1D6D7ED40075BA87 /* CreateContact.h */ = {isa = PBXFileReference; fileEncoding = 4; lastKnownFileType = sourcecode.c.h; path = CreateContact.h; sourceTree = "<group>"; };
		E48817BC1D6D7ED40075BA87 /* CreateContact.m */ = {isa = PBXFileReference; fileEncoding = 4; lastKnownFileType = sourcecode.c.objc; path = CreateContact.m; sourceTree = "<group>"; };
		E48817BE1D6DB3890075BA87 /* FetchingContacts.h */ = {isa = PBXFileReference; fileEncoding = 4; lastKnownFileType = sourcecode.c.h; path = FetchingContacts.h; sourceTree = "<group>"; };
		E48817BF1D6DB3890075BA87 /* FetchingContacts.m */ = {isa = PBXFileReference; fileEncoding = 4; lastKnownFileType = sourcecode.c.objc; path = FetchingContacts.m; sourceTree = "<group>"; };
/* End PBXFileReference section */

/* Begin PBXFrameworksBuildPhase section */
		E488179E1D6D7B300075BA87 /* Frameworks */ = {
			isa = PBXFrameworksBuildPhase;
			buildActionMask = 2147483647;
			files = (
			);
			runOnlyForDeploymentPostprocessing = 0;
		};
/* End PBXFrameworksBuildPhase section */

/* Begin PBXGroup section */
		E48817981D6D7B300075BA87 = {
			isa = PBXGroup;
			children = (
				E48817A31D6D7B300075BA87 /* AddressBookExample */,
				E48817A21D6D7B300075BA87 /* Products */,
			);
			sourceTree = "<group>";
		};
		E48817A21D6D7B300075BA87 /* Products */ = {
			isa = PBXGroup;
			children = (
				E48817A11D6D7B300075BA87 /* AddressBookExample.app */,
			);
			name = Products;
			sourceTree = "<group>";
		};
		E48817A31D6D7B300075BA87 /* AddressBookExample */ = {
			isa = PBXGroup;
			children = (
				E48817BB1D6D7ED40075BA87 /* CreateContact.h */,
				E48817BC1D6D7ED40075BA87 /* CreateContact.m */,
				E48817BE1D6DB3890075BA87 /* FetchingContacts.h */,
				E48817BF1D6DB3890075BA87 /* FetchingContacts.m */,
				E48817A71D6D7B300075BA87 /* AppDelegate.h */,
				E48817A81D6D7B300075BA87 /* AppDelegate.m */,
				E48817AA1D6D7B300075BA87 /* ViewController.h */,
				E48817AB1D6D7B300075BA87 /* ViewController.m */,
				E48817AD1D6D7B300075BA87 /* Main.storyboard */,
				E48817B01D6D7B300075BA87 /* Assets.xcassets */,
				E48817B21D6D7B300075BA87 /* LaunchScreen.storyboard */,
				E48817B51D6D7B300075BA87 /* Info.plist */,
				E48817A41D6D7B300075BA87 /* Supporting Files */,
			);
			path = AddressBookExample;
			sourceTree = "<group>";
		};
		E48817A41D6D7B300075BA87 /* Supporting Files */ = {
			isa = PBXGroup;
			children = (
				E48817A51D6D7B300075BA87 /* main.m */,
			);
			name = "Supporting Files";
			sourceTree = "<group>";
		};
/* End PBXGroup section */

/* Begin PBXNativeTarget section */
		E48817A01D6D7B300075BA87 /* AddressBookExample */ = {
			isa = PBXNativeTarget;
			buildConfigurationList = E48817B81D6D7B300075BA87 /* Build configuration list for PBXNativeTarget "AddressBookExample" */;
			buildPhases = (
				E488179D1D6D7B300075BA87 /* Sources */,
				E488179E1D6D7B300075BA87 /* Frameworks */,
				E488179F1D6D7B300075BA87 /* Resources */,
			);
			buildRules = (
			);
			dependencies = (
			);
			name = AddressBookExample;
			productName = AddressBookExample;
			productReference = E48817A11D6D7B300075BA87 /* AddressBookExample.app */;
			productType = "com.apple.product-type.application";
		};
/* End PBXNativeTarget section */

/* Begin PBXProject section */
		E48817991D6D7B300075BA87 /* Project object */ = {
			isa = PBXProject;
			attributes = {
				LastUpgradeCheck = 0730;
				ORGANIZATIONNAME = "Alper KARATAŞ";
				TargetAttributes = {
					E48817A01D6D7B300075BA87 = {
						CreatedOnToolsVersion = 7.3;
					};
				};
			};
			buildConfigurationList = E488179C1D6D7B300075BA87 /* Build configuration list for PBXProject "AddressBookExample" */;
			compatibilityVersion = "Xcode 3.2";
			developmentRegion = English;
			hasScannedForEncodings = 0;
			knownRegions = (
				en,
				Base,
			);
			mainGroup = E48817981D6D7B300075BA87;
			productRefGroup = E48817A21D6D7B300075BA87 /* Products */;
			projectDirPath = "";
			projectRoot = "";
			targets = (
				E48817A01D6D7B300075BA87 /* AddressBookExample */,
			);
		};
/* End PBXProject section */

/* Begin PBXResourcesBuildPhase section */
		E488179F1D6D7B300075BA87 /* Resources */ = {
			isa = PBXResourcesBuildPhase;
			buildActionMask = 2147483647;
			files = (
				E48817B41D6D7B300075BA87 /* LaunchScreen.storyboard in Resources */,
				E48817B11D6D7B300075BA87 /* Assets.xcassets in Resources */,
				E48817AF1D6D7B300075BA87 /* Main.storyboard in Resources */,
			);
			runOnlyForDeploymentPostprocessing = 0;
		};
/* End PBXResourcesBuildPhase section */

/* Begin PBXSourcesBuildPhase section */
		E488179D1D6D7B300075BA87 /* Sources */ = {
			isa = PBXSourcesBuildPhase;
			buildActionMask = 2147483647;
			files = (
				E48817AC1D6D7B300075BA87 /* ViewController.m in Sources */,
				E48817A91D6D7B300075BA87 /* AppDelegate.m in Sources */,
				E48817BD1D6D7ED40075BA87 /* CreateContact.m in Sources */,
				E48817A61D6D7B300075BA87 /* main.m in Sources */,
				E48817C01D6DB3890075BA87 /* FetchingContacts.m in Sources */,
			);
			runOnlyForDeploymentPostprocessing = 0;
		};
/* End PBXSourcesBuildPhase section */

/* Begin PBXVariantGroup section */
		E48817AD1D6D7B300075BA87 /* Main.storyboard */ = {
			isa = PBXVariantGroup;
			children = (
				E48817AE1D6D7B300075BA87 /* Base */,
			);
			name = Main.storyboard;
			sourceTree = "<group>";
		};
		E48817B21D6D7B300075BA87 /* LaunchScreen.storyboard */ = {
			isa = PBXVariantGroup;
			children = (
				E48817B31D6D7B300075BA87 /* Base */,
			);
			name = LaunchScreen.storyboard;
			sourceTree = "<group>";
		};
/* End PBXVariantGroup section */

/* Begin XCBuildConfiguration section */
		E48817B61D6D7B300075BA87 /* Debug */ = {
			isa = XCBuildConfiguration;
			buildSettings = {
				ALWAYS_SEARCH_USER_PATHS = NO;
				CLANG_ANALYZER_NONNULL = YES;
				CLANG_CXX_LANGUAGE_STANDARD = "gnu++0x";
				CLANG_CXX_LIBRARY = "libc++";
				CLANG_ENABLE_MODULES = YES;
				CLANG_ENABLE_OBJC_ARC = YES;
				CLANG_WARN_BOOL_CONVERSION = YES;
				CLANG_WARN_CONSTANT_CONVERSION = YES;
				CLANG_WARN_DIRECT_OBJC_ISA_USAGE = YES_ERROR;
				CLANG_WARN_EMPTY_BODY = YES;
				CLANG_WARN_ENUM_CONVERSION = YES;
				CLANG_WARN_INT_CONVERSION = YES;
				CLANG_WARN_OBJC_ROOT_CLASS = YES_ERROR;
				CLANG_WARN_UNREACHABLE_CODE = YES;
				CLANG_WARN__DUPLICATE_METHOD_MATCH = YES;
				"CODE_SIGN_IDENTITY[sdk=iphoneos*]" = "iPhone Developer";
				COPY_PHASE_STRIP = NO;
				DEBUG_INFORMATION_FORMAT = dwarf;
				ENABLE_STRICT_OBJC_MSGSEND = YES;
				ENABLE_TESTABILITY = YES;
				GCC_C_LANGUAGE_STANDARD = gnu99;
				GCC_DYNAMIC_NO_PIC = NO;
				GCC_NO_COMMON_BLOCKS = YES;
				GCC_OPTIMIZATION_LEVEL = 0;
				GCC_PREPROCESSOR_DEFINITIONS = (
					"DEBUG=1",
					"$(inherited)",
				);
				GCC_WARN_64_TO_32_BIT_CONVERSION = YES;
				GCC_WARN_ABOUT_RETURN_TYPE = YES_ERROR;
				GCC_WARN_UNDECLARED_SELECTOR = YES;
				GCC_WARN_UNINITIALIZED_AUTOS = YES_AGGRESSIVE;
				GCC_WARN_UNUSED_FUNCTION = YES;
				GCC_WARN_UNUSED_VARIABLE = YES;
				IPHONEOS_DEPLOYMENT_TARGET = 9.3;
				MTL_ENABLE_DEBUG_INFO = YES;
				ONLY_ACTIVE_ARCH = YES;
				SDKROOT = iphoneos;
				TARGETED_DEVICE_FAMILY = "1,2";
			};
			name = Debug;
		};
		E48817B71D6D7B300075BA87 /* Release */ = {
			isa = XCBuildConfiguration;
			buildSettings = {
				ALWAYS_SEARCH_USER_PATHS = NO;
				CLANG_ANALYZER_NONNULL = YES;
				CLANG_CXX_LANGUAGE_STANDARD = "gnu++0x";
				CLANG_CXX_LIBRARY = "libc++";
				CLANG_ENABLE_MODULES = YES;
				CLANG_ENABLE_OBJC_ARC = YES;
				CLANG_WARN_BOOL_CONVERSION = YES;
				CLANG_WARN_CONSTANT_CONVERSION = YES;
				CLANG_WARN_DIRECT_OBJC_ISA_USAGE = YES_ERROR;
				CLANG_WARN_EMPTY_BODY = YES;
				CLANG_WARN_ENUM_CONVERSION = YES;
				CLANG_WARN_INT_CONVERSION = YES;
				CLANG_WARN_OBJC_ROOT_CLASS = YES_ERROR;
				CLANG_WARN_UNREACHABLE_CODE = YES;
				CLANG_WARN__DUPLICATE_METHOD_MATCH = YES;
				"CODE_SIGN_IDENTITY[sdk=iphoneos*]" = "iPhone Developer";
				COPY_PHASE_STRIP = NO;
				DEBUG_INFORMATION_FORMAT = "dwarf-with-dsym";
				ENABLE_NS_ASSERTIONS = NO;
				ENABLE_STRICT_OBJC_MSGSEND = YES;
				GCC_C_LANGUAGE_STANDARD = gnu99;
				GCC_NO_COMMON_BLOCKS = YES;
				GCC_WARN_64_TO_32_BIT_CONVERSION = YES;
				GCC_WARN_ABOUT_RETURN_TYPE = YES_ERROR;
				GCC_WARN_UNDECLARED_SELECTOR = YES;
				GCC_WARN_UNINITIALIZED_AUTOS = YES_AGGRESSIVE;
				GCC_WARN_UNUSED_FUNCTION = YES;
				GCC_WARN_UNUSED_VARIABLE = YES;
				IPHONEOS_DEPLOYMENT_TARGET = 9.3;
				MTL_ENABLE_DEBUG_INFO = NO;
				SDKROOT = iphoneos;
				TARGETED_DEVICE_FAMILY = "1,2";
				VALIDATE_PRODUCT = YES;
			};
			name = Release;
		};
		E48817B91D6D7B300075BA87 /* Debug */ = {
			isa = XCBuildConfiguration;
			buildSettings = {
				ASSETCATALOG_COMPILER_APPICON_NAME = AppIcon;
				INFOPLIST_FILE = AddressBookExample/Info.plist;
				LD_RUNPATH_SEARCH_PATHS = "$(inherited) @executable_path/Frameworks";
				PRODUCT_BUNDLE_IDENTIFIER = dream.AddressBookExample;
				PRODUCT_NAME = "$(TARGET_NAME)";
			};
			name = Debug;
		};
		E48817BA1D6D7B300075BA87 /* Release */ = {
			isa = XCBuildConfiguration;
			buildSettings = {
				ASSETCATALOG_COMPILER_APPICON_NAME = AppIcon;
				INFOPLIST_FILE = AddressBookExample/Info.plist;
				LD_RUNPATH_SEARCH_PATHS = "$(inherited) @executable_path/Frameworks";
				PRODUCT_BUNDLE_IDENTIFIER = dream.AddressBookExample;
				PRODUCT_NAME = "$(TARGET_NAME)";
			};
			name = Release;
		};
/* End XCBuildConfiguration section */

/* Begin XCConfigurationList section */
		E488179C1D6D7B300075BA87 /* Build configuration list for PBXProject "AddressBookExample" */ = {
			isa = XCConfigurationList;
			buildConfigurations = (
				E48817B61D6D7B300075BA87 /* Debug */,
				E48817B71D6D7B300075BA87 /* Release */,
			);
			defaultConfigurationIsVisible = 0;
			defaultConfigurationName = Release;
		};
		E48817B81D6D7B300075BA87 /* Build configuration list for PBXNativeTarget "AddressBookExample" */ = {
			isa = XCConfigurationList;
			buildConfigurations = (
				E48817B91D6D7B300075BA87 /* Debug */,
				E48817BA1D6D7B300075BA87 /* Release */,
			);
			defaultConfigurationIsVisible = 0;
			defaultConfigurationName = Release;
		};
/* End XCConfigurationList section */
	};
	rootObject = E48817991D6D7B300075BA87 /* Project object */;
}
